
Microsoft Visual Studio Solution File, Format Version 12.00
# Visual Studio Version 16
VisualStudioVersion = 16.0.32901.82
MinimumVisualStudioVersion = 10.0.40219.1
Project("{9A19103F-16F7-4668-BE54-9A1E7A4F7556}") = "KurumsalWebSitesiProjesi", "KurumsalWebSitesiProjesi\KurumsalWebSitesiProjesi.csproj", "{6838F0DF-008A-45D9-95BD-E65684AF295B}"
EndProject
Project("{9A19103F-16F7-4668-BE54-9A1E7A4F7556}") = "EntityLayer", "EntityLayer\EntityLayer.csproj", "{D20EC32D-6B0B-4C88-8884-B6170B25C59E}"
EndProject
Project("{9A19103F-16F7-4668-BE54-9A1E7A4F7556}") = "DataAccessLayer", "DataAccessLayer\DataAccessLayer.csproj", "{BEF00C94-8871-4CED-8E18-1033817B0887}"
EndProject
Project("{FAE04EC0-301F-11D3-BF4B-00C04F79EFBC}") = "BusinessLayer", "BusinessLayer\BusinessLayer.csproj", "{A289970D-AB46-47A8-97FA-89FD0006BDE9}"
EndProject
Global
	GlobalSection(SolutionConfigurationPlatforms) = preSolution
		Debug|Any CPU = Debug|Any CPU
		Release|Any CPU = Release|Any CPU
	EndGlobalSection
	GlobalSection(ProjectConfigurationPlatforms) = postSolution
		{6838F0DF-008A-45D9-95BD-E65684AF295B}.Debug|Any CPU.ActiveCfg = Debug|Any CPU
		{6838F0DF-008A-45D9-95BD-E65684AF295B}.Debug|Any CPU.Build.0 = Debug|Any CPU
		{6838F0DF-008A-45D9-95BD-E65684AF295B}.Release|Any CPU.ActiveCfg = Release|Any CPU
		{6838F0DF-008A-45D9-95BD-E65684AF295B}.Release|Any CPU.Build.0 = Release|Any CPU
		{D20EC32D-6B0B-4C88-8884-B6170B25C59E}.Debug|Any CPU.ActiveCfg = Debug|Any CPU
		{D20EC32D-6B0B-4C88-8884-B6170B25C59E}.Debug|Any CPU.Build.0 = Debug|Any CPU
		{D20EC32D-6B0B-4C88-8884-B6170B25C59E}.Release|Any CPU.ActiveCfg = Release|Any CPU
		{D20EC32D-6B0B-4C88-8884-B6170B25C59E}.Release|Any CPU.Build.0 = Release|Any CPU
		{BEF00C94-8871-4CED-8E18-1033817B0887}.Debug|Any CPU.ActiveCfg = Debug|Any CPU
		{BEF00C94-8871-4CED-8E18-1033817B0887}.Debug|Any CPU.Build.0 = Debug|Any CPU
		{BEF00C94-8871-4CED-8E18-1033817B0887}.Release|Any CPU.ActiveCfg = Release|Any CPU
		{BEF00C94-8871-4CED-8E18-1033817B0887}.Release|Any CPU.Build.0 = Release|Any CPU
		{A289970D-AB46-47A8-97FA-89FD0006BDE9}.Debug|Any CPU.ActiveCfg = Debug|Any CPU
		{A289970D-AB46-47A8-97FA-89FD0006BDE9}.Debug|Any CPU.Build.0 = Debug|Any CPU
		{A289970D-AB46-47A8-97FA-89FD0006BDE9}.Release|Any CPU.ActiveCfg = Release|Any CPU
		{A289970D-AB46-47A8-97FA-89FD0006BDE9}.Release|Any CPU.Build.0 = Release|Any CPU
	EndGlobalSection
	GlobalSection(SolutionProperties) = preSolution
		HideSolutionNode = FALSE
	EndGlobalSection
	GlobalSection(ExtensibilityGlobals) = postSolution
		SolutionGuid = {2CC4ECB2-2100-4F36-8010-AA98666B5880}
	EndGlobalSection
EndGlobal
